
Microsoft Visual Studio Solution File, Format Version 10.00
# Visual Studio 2008
Project("{FAE04EC0-301F-11D3-BF4B-00C04F79EFBC}") = "card-table", "card-table\card-table.csproj", "{B5B0718D-8526-4568-983A-DB09C6464007}"
EndProject
Project("{FAE04EC0-301F-11D3-BF4B-00C04F79EFBC}") = "card-game", "card-game\card-game.csproj", "{7FFCC8EF-BF93-4EAC-BEB5-D6B260C4AD0C}"
EndProject
Project("{FAE04EC0-301F-11D3-BF4B-00C04F79EFBC}") = "card-server", "card-server\card-server.csproj", "{D9BAD776-FFA3-4E89-91FA-BAF464BC6F7C}"
EndProject
Global
	GlobalSection(SubversionScc) = preSolution
		Svn-Managed = True
		Manager = AnkhSVN - Subversion Support for Visual Studio
	EndGlobalSection
	GlobalSection(SolutionConfigurationPlatforms) = preSolution
		Debug|Any CPU = Debug|Any CPU
		Release|Any CPU = Release|Any CPU
	EndGlobalSection
	GlobalSection(ProjectConfigurationPlatforms) = postSolution
		{B5B0718D-8526-4568-983A-DB09C6464007}.Debug|Any CPU.ActiveCfg = Debug|Any CPU
		{B5B0718D-8526-4568-983A-DB09C6464007}.Debug|Any CPU.Build.0 = Debug|Any CPU
		{B5B0718D-8526-4568-983A-DB09C6464007}.Release|Any CPU.ActiveCfg = Release|Any CPU
		{B5B0718D-8526-4568-983A-DB09C6464007}.Release|Any CPU.Build.0 = Release|Any CPU
		{7FFCC8EF-BF93-4EAC-BEB5-D6B260C4AD0C}.Debug|Any CPU.ActiveCfg = Debug|Any CPU
		{7FFCC8EF-BF93-4EAC-BEB5-D6B260C4AD0C}.Debug|Any CPU.Build.0 = Debug|Any CPU
		{7FFCC8EF-BF93-4EAC-BEB5-D6B260C4AD0C}.Release|Any CPU.ActiveCfg = Release|Any CPU
		{7FFCC8EF-BF93-4EAC-BEB5-D6B260C4AD0C}.Release|Any CPU.Build.0 = Release|Any CPU
		{D9BAD776-FFA3-4E89-91FA-BAF464BC6F7C}.Debug|Any CPU.ActiveCfg = Debug|Any CPU
		{D9BAD776-FFA3-4E89-91FA-BAF464BC6F7C}.Debug|Any CPU.Build.0 = Debug|Any CPU
		{D9BAD776-FFA3-4E89-91FA-BAF464BC6F7C}.Release|Any CPU.ActiveCfg = Release|Any CPU
		{D9BAD776-FFA3-4E89-91FA-BAF464BC6F7C}.Release|Any CPU.Build.0 = Release|Any CPU
	EndGlobalSection
	GlobalSection(SolutionProperties) = preSolution
		HideSolutionNode = FALSE
	EndGlobalSection
EndGlobal
